version = 1
revision = 3
requires-python = "==3.12.*"

[[package]]
name = "blinker"
version = "1.9.0"
source = { registry = "https://pypi.org/simple" }
sdist = { url = "https://files.pythonhosted.org/packages/21/28/9b3f50ce0e048515135495f198351908d99540d69bfdc8c1d15b73dc55ce/blinker-1.9.0.tar.gz", hash = "sha256:b4ce2265a7abece45e7cc896e98dbebe6cead56bcf805a3d23136d145f5445bf", size = 22460, upload-time = "2024-11-08T17:25:47.436Z" }
wheels = [
    { url = "https://files.pythonhosted.org/packages/10/cb/f2ad4230dc2eb1a74edf38f1a38b9b52277f75bef262d8908e60d957e13c/blinker-1.9.0-py3-none-any.whl", hash = "sha256:ba0efaa9080b619ff2f3459d1d500c57bddea4a6b424b60a91141db6fd2f08bc", size = 8458, upload-time = "2024-11-08T17:25:46.184Z" },
]

[[package]]
name = "bytecode"
version = "0.19.0"
source = { registry = "https://pypi.org/simple" }
sdist = { url = "https://files.pythonhosted.org/packages/c6/e9/9f355e80d57fc271d35631883778564aeea02c35b4cfb4b64d84cb653aed/bytecode-0.19.0.tar.gz", hash = "sha256:fb733957396cb82301f3f79cd320aef262cd0592c93d6b4fd656771506999624", size = 106372, upload-time = "2026-08-21T21:17:40.082Z" }
wheels = [
    { url = "https://files.pythonhosted.org/packages/ae/38/c8397880426bb56b139a0b53f69a4e54cf770c358b8c1ad872b3c88430d3/bytecode-0.19.0-py3-none-any.whl", hash = "sha256:7b32811d4a574f5ebcdc84ae8d37af928d980f31d6aa5aea2cab9f6d364489d1", size = 43277, upload-time = "2026-08-21T21:17:38.589Z" },
]

[[package]]
name = "certifi"
version = "2026.7.22"
source = { registry = "https://pypi.org/simple" }
sdist = { url = "https://files.pythonhosted.org/packages/a3/c2/24167ea9858356b47a87a50d39908bfdb72ceeefe0041586e704e5376b3a/certifi-2026.7.22.tar.gz", hash = "sha256:741e2c3b351ddf169a738da9f2c048608ff7f2c5cc02f1ebc6b118bb090d5d55", size = 138112, upload-time = "2026-07-22T03:35:12.644Z" }
wheels = [
    { url = "https://files.pythonhosted.org/packages/0b/a7/71ac2cff56fec219ed242bb11b8efb69fcc4bec75db06fb7bfe35de520e6/certifi-2026.7.22-py3-none-any.whl", hash = "sha256:62f22742b58a1a33014a2b6b706588a8d7e2a88ae7bd1a6ebe8c992928483775", size = 136983, upload-time = "2026-07-22T03:35:11.276Z" },
]

[[package]]
name = "charset-normalizer"
version = "3.5.2"
source = { registry = "https://pypi.org/simple" }
sdist = { url = "https://files.pythonhosted.org/packages/33/1c/f41d4e74c28ab327ff3acd36053f7ea506c55872d7a90b0fa71aa3ab0c89/charset_normalizer-3.5.2.tar.gz", hash = "sha256:39de2a259fc954455c57274dc94c79d5842774e1247a016aff30bc0efed0f4ef", size = 172659, upload-time = "2026-09-30T04:39:23.398Z" }
wheels = [
    { url = "https://files.pythonhosted.org/packages/e7/c8/693809898870237d82785a03f3b2b58fe4c9f14669f84a7d4e623c92a59e/charset_normalizer-3.5.2-cp312-cp312-macosx_10_13_universal2.whl", hash = "sha256:ed2a239c0ea213acc1908150a3037257083c7c083128f1a4cec2ec4b97dca491", size = 367780, upload-time = "2026-09-30T04:35:30.888Z" },
    { url = "https://files.pythonhosted.org/packages/c9/87/2fea8c13dc24b3ca9c6f803a5b2dfdeae73eb4f9e12c7885ed908ff0433c/charset_normalizer-3.5.2-cp312-cp312-manylinux2014_aarch64.manylinux_2_17_aarch64.manylinux_2_28_aarch64.whl", hash = "sha256:b91363207bd9dc966a691e959bb47f64b30f7ac4b072be9968b366982f7db77c", size = 246730, upload-time = "2026-09-30T04:35:32.286Z" },
    { url = "https://files.pythonhosted.org/packages/a8/9e/09efac30b937722f46d3110ba30b875b24b2e3a266ed746cc4e376a94d80/charset_normalizer-3.5.2-cp312-cp312-manylinux2014_armv7l.manylinux_2_17_armv7l.manylinux_2_31_armv7l.whl", hash = "sha256:38a873987f3be698494da8b2e3085e29da02da7b633dce73e79c699a113d7bf0", size = 237707, upload-time = "2026-09-30T04:35:33.709Z" },
    { url = "https://files.pythonhosted.org/packages/9e/18/70d76670b13686237863a379928d60bd10e021f17d243ab3d7014c4a5f4e/charset_normalizer-3.5.2-cp312-cp312-manylinux2014_ppc64le.manylinux_2_17_ppc64le.manylinux_2_28_ppc64le.whl", hash = "sha256:355ad8011081dec5412240c087a9a0c9d4d5039f3ed11a3f13e18c2b29b56c51", size = 273050, upload-time = "2026-09-30T04:35:35.138Z" },
    { url = "https://files.pythonhosted.org/packages/54/e2/77a8b09d5adc013ed07b95b01b8b8fa5441c4e810e83ee7e4aae2fa4d91a/charset_normalizer-3.5.2-cp312-cp312-manylinux2014_s390x.manylinux_2_17_s390x.manylinux_2_28_s390x.whl", hash = "sha256:ee21e28f0430bd6dc9086c6e525d5e818a44a5ad19720c8a0ef766792f3eb5e5", size = 270345, upload-time = "2026-09-30T04:35:36.502Z" },
    { url = "https://files.pythonhosted.org/packages/7f/c5/38806a25ab5e65fc178f39affeda20858efafede2fce1ffc2556cfc9fe73/charset_normalizer-3.5.2-cp312-cp312-manylinux2014_x86_64.manylinux_2_17_x86_64.manylinux_2_28_x86_64.whl", hash = "sha256:3d31298449090ab8d47b7b1b2a555ff73cac7ed438a08b7ac160980c7ebed649", size = 257601, upload-time = "2026-09-30T04:35:37.919Z" },
    { url = "https://files.pythonhosted.org/packages/ae/8d/213565184708fdb263ae55e2c04ee1ff748129dd65d48ed0e3502da9c85a/charset_normalizer-3.5.2-cp312-cp312-manylinux_2_31_riscv64.manylinux_2_39_riscv64.whl", hash = "sha256:5cde776b7cc66e4f6c99612cea4aa7269aa65863f7a15841b2c264f103822f4e", size = 252222, upload-time = "2026-09-30T04:35:39.544Z" },
    { url = "https://files.pythonhosted.org/packages/7e/24/76d2cefc25472531e4c5c7dfff68865eb1c39b78482f0fdc15b46f047830/charset_normalizer-3.5.2-cp312-cp312-musllinux_1_2_aarch64.whl", hash = "sha256:ae4f5fea5b8b8ccff88238cc8569303e5ee95efae67fa62922a311397a71f346", size = 248482, upload-time = "2026-09-30T04:35:41.088Z" },
    { url = "https://files.pythonhosted.org/packages/7d/dc/65a801b66ab4c197e22c433ab25e7ac24324ac6f45a2269aca42cce309bf/charset_normalizer-3.5.2-cp312-cp312-musllinux_1_2_armv7l.whl", hash = "sha256:f7d486c83842422badd511868fd8a9a20e9407ace71564b6af47ce7e60a336c1", size = 241206, upload-time = "2026-09-30T04:35:42.59Z" },
    { url = "https://files.pythonhosted.org/packages/a7/95/ca9b5eabde673002c6f1e7ada1b223916fe18f6d661da7aabd4d643718f1/charset_normalizer-3.5.2-cp312-cp312-musllinux_1_2_ppc64le.whl", hash = "sha256:11a4d68a6ecda3292cb1e50239e111543ba5d709bb62a6b4ea1afcfa729d8875", size = 273190, upload-time = "2026-09-30T04:35:44.347Z" },
    { url = "https://files.pythonhosted.org/packages/2d/8b/803b4d2a3f6e1740f63f1e87b04d14b42f3d4fdfe6ed7d4db2d34102b14f/charset_normalizer-3.5.2-cp312-cp312-musllinux_1_2_riscv64.whl", hash = "sha256:d6734d2ef8a50fbf8445c139477da401f50d62a0606bf00e20ec6d87773fefb1", size = 253527, upload-time = "2026-09-30T04:35:45.915Z" },
    { url = "https://files.pythonhosted.org/packages/a9/55/93c0e5dbd085ae0471346026abbe7e0db9ea2d6fea74e51f0b5a46f233a7/charset_normalizer-3.5.2-cp312-cp312-musllinux_1_2_s390x.whl", hash = "sha256:a815775b6c38d4e0ff7bcffbeba67feded90202bb6a226b8dd35f1c855217413", size = 271285, upload-time = "2026-09-30T04:35:47.49Z" },
    { url = "https://files.pythonhosted.org/packages/95/69/0dbd0e0b9b16cfa816cdfcb3e2e3854a1f680dc07fb1245ea125e7448060/charset_normalizer-3.5.2-cp312-cp312-musllinux_1_2_x86_64.whl", hash = "sha256:23851fb4e1b85ed3f6c2a27b777cdfe2e19fb5b38429a8faf38c7542b7665869", size = 260010, upload-time = "2026-09-30T04:35:48.996Z" },
    { url = "https://files.pythonhosted.org/packages/58/9d/e7b88e7b1bf403590c3b573277b5e1e488c68c7a6fbacca310a2c324e90c/charset_normalizer-3.5.2-cp312-cp312-win32.whl", hash = "sha256:db19d07e2e0129e974a0e65d0064fc222a446cd5122c2fd4184d2af9fc734a9e", size = 184125, upload-time = "2026-09-30T04:35:50.777Z" },
    { url = "https://files.pythonhosted.org/packages/eb/e6/e6e083884cbcfd49c64865af05027fe7011be7b2d9179524f099a1b611f3/charset_normalizer-3.5.2-cp312-cp312-win_amd64.whl", hash = "sha256:780fbe7cab297b81dad9fb8dc5eb003c0468ffb0d9e5f65068c53a34661a96bc", size = 207486, upload-time = "2026-09-30T04:35:52.194Z" },
    { url = "https://files.pythonhosted.org/packages/c4/e3/017aea0911ada7405a825c7d937eb3a13009664e2f5b38e8c4bbf2abf894/charset_normalizer-3.5.2-cp312-cp312-win_arm64.whl", hash = "sha256:e2af3aad578aa6bd1384bcf4750fc285e5a9de53f40b7d41e5a0bf748edeb2b3", size = 196734, upload-time = "2026-09-30T04:35:53.636Z" },
    { url = "https://files.pythonhosted.org/packages/8c/ab/176fbfd5b64939c55d652366aa5b9ef1d767af207a3aa6ebeb0d226c484d/charset_normalizer-3.5.2-cp37-abi3-macosx_10_9_universal2.whl", hash = "sha256:4275811936e2f06feff5e598fb42a1b7ae852da8e39605211892b56b81a34efd", size = 331815, upload-time = "2026-09-30T04:38:26.216Z" },
    { url = "https://files.pythonhosted.org/packages/7e/84/371eac6b30bdbcbf2d632a1a01809103459216fcaae61b8b8d922c1bfb8a/charset_normalizer-3.5.2-cp37-abi3-manylinux1_x86_64.manylinux_2_28_x86_64.manylinux_2_5_x86_64.whl", hash = "sha256:1c50fe28bbc2ced33386f298650d91218076c05420e6cbd790b913adc41659e7", size = 253276, upload-time = "2026-09-30T04:38:28.032Z" },
    { url = "https://files.pythonhosted.org/packages/43/6f/c4fbae58febff71709c51bc7e18fdfa55341dc382704740f9f0cbf03817b/charset_normalizer-3.5.2-cp37-abi3-manylinux2014_aarch64.manylinux_2_17_aarch64.manylinux_2_28_aarch64.whl", hash = "sha256:d19fbd981a488e22cd04883659ca6b08f50b5974f9fd7c95655ef6a043e5893f", size = 241239, upload-time = "2026-09-30T04:38:29.732Z" },
    { url = "https://files.pythonhosted.org/packages/61/71/458c3f42164a07d0c5210798e9e704b39e540a6793b05aba67f3a35243a9/charset_normalizer-3.5.2-cp37-abi3-manylinux2014_armv7l.manylinux_2_17_armv7l.manylinux_2_31_armv7l.whl", hash = "sha256:0fed1d06615f022ee3b13caf5e8b180cfea32bb2c5aded8a9d44277afc040f93", size = 231121, upload-time = "2026-09-30T04:38:31.462Z" },
    { url = "https://files.pythonhosted.org/packages/09/54/ab9e89367076f6331bb6c65c4bf14a5361fa5191cb6561bf534f18504e1b/charset_normalizer-3.5.2-cp37-abi3-manylinux2014_ppc64le.manylinux_2_17_ppc64le.manylinux_2_28_ppc64le.whl", hash = "sha256:838dcc90063569a0448120554591a1d6c4a4ffe11babf048908793154ab86ade", size = 260350, upload-time = "2026-09-30T04:38:33.239Z" },
    { url = "https://files.pythonhosted.org/packages/7c/c1/061431ecc688d9d76602502cb57cc01e691e682c18f1beb45f9673b5bbd2/charset_normalizer-3.5.2-cp37-abi3-manylinux2014_s390x.manylinux_2_17_s390x.manylinux_2_28_s390x.whl", hash = "sha256:2ce45c6627b22c47e390bc91a41c3d13032192e699fa0bea96e9671b373d69b0", size = 255430, upload-time = "2026-09-30T04:38:34.865Z" },
    { url = "https://files.pythonhosted.org/packages/8d/1f/20c8949f0676f7ab811abdeb7f4d7f1cbc6e61ff20bef08b44edeb092bc8/charset_normalizer-3.5.2-cp37-abi3-manylinux_2_31_riscv64.manylinux_2_39_riscv64.whl", hash = "sha256:0774bf9bf620249fee3e0b8b9fd3065de213be30f3aa94ce2494b3b638949e26", size = 250612, upload-time = "2026-09-30T04:38:36.649Z" },
    { url = "https://files.pythonhosted.org/packages/2b/9e/46f2fa4c431fc98c4ae76a8cb5bdca54e0341e3cfc3fcfd8e82740250818/charset_normalizer-3.5.2-cp37-abi3-musllinux_1_2_aarch64.whl", hash = "sha256:1db38f4c5496827c1a501846d64d14c3b80c7e6714e406cd7dc36a9899fa1011", size = 242083, upload-time = "2026-09-30T04:38:38.26Z" },
    { url = "https://files.pythonhosted.org/packages/bd/39/559be29a0c0f086e0bba6922babd38916cc5e0b58ced4de13ee01ea05508/charset_normalizer-3.5.2-cp37-abi3-musllinux_1_2_armv7l.whl", hash = "sha256:304d8e4d493af723536393eee0c689eb7813f4a474c8b479dee63f1fdd98f621", size = 232738, upload-time = "2026-09-30T04:38:39.81Z" },
    { url = "https://files.pythonhosted.org/packages/ff/6c/387b0e4f756a282831c1d9fc6aeb6c51ca4507ca202767c8de15ce9b12e2/charset_normalizer-3.5.2-cp37-abi3-musllinux_1_2_ppc64le.whl", hash = "sha256:9b7f416ff0978e2f2249330527f0ad6fa02f4932e6199692d3b52da2048c19e4", size = 260703, upload-time = "2026-09-30T04:38:41.346Z" },
    { url = "https://files.pythonhosted.org/packages/96/92/1fdf015f09ef449f50d3ac4b67c90887c9c318b727daa95cc4f866e6521d/charset_normalizer-3.5.2-cp37-abi3-musllinux_1_2_riscv64.whl", hash = "sha256:01077390b03f7988f11d700a2194e69b119741a86b1a638b1db88891e3eced8e", size = 247622, upload-time = "2026-09-30T04:38:42.937Z" },
    { url = "https://files.pythonhosted.org/packages/dc/3c/8e7b8a5671ad5d433669fb2a76f1a0164df2d9b1718b0206bc2a16d840cc/charset_normalizer-3.5.2-cp37-abi3-musllinux_1_2_s390x.whl", hash = "sha256:7e841fb9010836c992c9f12fcbd43a831de93a5f726fc1ccd8ca1d0268c5014c", size = 257500, upload-time = "2026-09-30T04:38:44.604Z" },
    { url = "https://files.pythonhosted.org/packages/b4/f0/45b579df5cabc1d5d53ea1cc35e8437d3ca768c0acccc7041517cb6fbb32/charset_normalizer-3.5.2-cp37-abi3-musllinux_1_2_x86_64.whl", hash = "sha256:9cae88599c7219005d879f98e5ed53341e9a122af585e1091200358a3003d2a0", size = 255100, upload-time = "2026-09-30T04:38:46.289Z" },
    { url = "https://files.pythonhosted.org/packages/31/68/fdec18a343f5fb3f310588dd478b09ac4799e0b187dbade3a8cd776f03ef/charset_normalizer-3.5.2-cp37-abi3-win32.whl", hash = "sha256:01b0c0d2262a9e28e8484a278c7e1b5d650e3ac8cf2683d2967e25899f208bdf", size = 174499, upload-time = "2026-09-30T04:38:47.999Z" },
    { url = "https://files.pythonhosted.org/packages/9d/8a/b618149cc5207943a0242068d7a27897f56a62947b5a039085f2a22029f8/charset_normalizer-3.5.2-cp37-abi3-win_amd64.whl", hash = "sha256:9f56f72050826f63dcee7a7f55b0a77168cb3bfc553fd405e7f8f9ece75a4036", size = 200092, upload-time = "2026-09-30T04:38:49.707Z" },
    { url = "https://files.pythonhosted.org/packages/03/cf/4c66866fa9e2b1c78e3c911516d1de497a677b7ac60f1eceda74ce777ca3/charset_normalizer-3.5.2-cp37-abi3-win_arm64.whl", hash = "sha256:40ab6bffa02ae10a0581e6c198be7d2d8ca5c2a0c64e4ed3465d766df457573e", size = 294363, upload-time = "2026-09-30T04:38:51.312Z" },
    { url = "https://files.pythonhosted.org/packages/fc/ad/d07d7862a62ffa6d79d68074d14823243dd235a77c45262acbf6adeb28bf/charset_normalizer-3.5.2-py3-none-any.whl", hash = "sha256:b6b751274acb69d77b3323d6b7dbaa3c7fdfc1eb829b7eb61d262f32e1af9685", size = 68872, upload-time = "2026-09-30T04:39:21.828Z" },
]

[[package]]
name = "click"
version = "8.5.0"
source = { registry = "https://pypi.org/simple" }
sdist = { url = "https://files.pythonhosted.org/packages/c7/0e/7fa0ef50764b67090eca4114772a2abf8b6148198475e54c660b97caeee6/click-8.5.0.tar.gz", hash = "sha256:ba0d2089de75ea0310e2dde03160e6ca10009947fb95a182f9b54021bb272e34", size = 382235, upload-time = "2026-08-26T13:33:14.56Z" }
wheels = [
    { url = "https://files.pythonhosted.org/packages/58/50/6c0d534c5f134586a8e1ba4e330569e32f057e33372ae556463212fb4cd3/click-8.5.0-py3-none-any.whl", hash = "sha256:255bc9599cf7748b4b1a446ccc735421bd08a2ae529a8b88597d3de5664ee360", size = 125251, upload-time = "2026-08-26T13:33:12.928Z" },
]

[[package]]
name = "colorama"
version = "0.4.6"
source = { registry = "https://pypi.org/simple" }
sdist = { url = "https://files.pythonhosted.org/packages/d8/53/6f443c9a4a8358a93a6792e2acffb9d9d5cb0a5cfd8802644b7b1c9a02e4/colorama-0.4.6.tar.gz", hash = "sha256:08695f5cb7ed6e0531a20572697297273c47b8cae5a63ffc6d6ed5c201be6e44", size = 27697, upload-time = "2022-10-25T02:36:22.414Z" }
wheels = [
    { url = "https://files.pythonhosted.org/packages/d1/d6/3965ed04c63042e047cb6a3e6ed1a63a35087b6a609aa3a15ed8ac56c221/colorama-0.4.6-py2.py3-none-any.whl", hash = "sha256:4f1d9991f5acc0ca119f9d443620b77f9d6b33703e51011c16baf57afb285fc6", size = 25335, upload-time = "2022-10-25T02:36:20.889Z" },
]

[[package]]
name = "datadog"
version = "0.55.0"
source = { registry = "https://pypi.org/simple" }
dependencies = [
    { name = "requests" },
]
sdist = { url = "https://files.pythonhosted.org/packages/aa/0d/dbe01629e2a40f934d513d0edfc9d65a5b8a9238f1b0dbf34fc6f4a1a423/datadog-0.55.0.tar.gz", hash = "sha256:d24085e33b9be2ec4d8fd413998ad0012a609ad022e1b8a59c171391d1753790", size = 408050, upload-time = "2026-09-30T15:37:24.099Z" }
wheels = [
    { url = "https://files.pythonhosted.org/packages/63/e0/21a5b86b08c56a9507d1595517fb909be07aabb1280f2b0111fb8491e56d/datadog-0.55.0-py2.py3-none-any.whl", hash = "sha256:9e1003a8c593ffa62f04eab09f15cf5b6332716c9723014d43b9fb0919adf7d6", size = 152565, upload-time = "2026-09-30T15:37:22.74Z" },
]

[[package]]
name = "ddtrace"
version = "4.15.3"
source = { registry = "https://pypi.org/simple" }
dependencies = [
    { name = "bytecode" },
    { name = "ddtrace-internal" },
    { name = "envier" },
    { name = "opentelemetry-api" },
    { name = "wrapt" },
]
sdist = { url = "https://files.pythonhosted.org/packages/45/fe/e8ff9a462d9b342e17b382d9a3e91de0b27f6567274cc7f5ee13e2729028/ddtrace-4.15.3.tar.gz", hash = "sha256:9609bea56fa761d556bb007a72e347432c342887f9ab0f013e12c56ab26608e6", size = 2654643, upload-time = "2026-09-30T09:09:07.452Z" }
wheels = [
    { url = "https://files.pythonhosted.org/packages/77/bf/73f18abd4302758daede293f80b5d9e7b960b8a960ba0392a1386e9d05ac/ddtrace-4.15.3-cp312-cp312-macosx_14_0_arm64.whl", hash = "sha256:986d17fe97e01e2ff6b8305233bfc6974265bea026bf22fa5c5006c6e8a32798", size = 8002667, upload-time = "2026-09-30T09:07:28.038Z" },
    { url = "https://files.pythonhosted.org/packages/36/11/afac68c04e4bb53db212ae684d3d34dadbb98f7fc1965ed508488be3e067/ddtrace-4.15.3-cp312-cp312-macosx_14_0_x86_64.whl", hash = "sha256:28e3b07f13f80007ee84057645d174675d09751345884623135d29dceaf0b5c2", size = 8385479, upload-time = "2026-09-30T09:07:30.153Z" },
    { url = "https://files.pythonhosted.org/packages/d4/e0/2007d22294043497d12164c62e5c6f159919b2a7f2af141ebf27e74a921a/ddtrace-4.15.3-cp312-cp312-manylinux2014_aarch64.manylinux_2_17_aarch64.whl", hash = "sha256:bf4c39fbc1ac1bb65bb91bd0f2070eea02e579a9e4c36391856d8fbe5788ff91", size = 9513047, upload-time = "2026-09-30T09:07:32.345Z" },
    { url = "https://files.pythonhosted.org/packages/f7/2c/065a99887cf4e6fbdc77ca0d7352a8a8da7e47dfc1a6512ff87ba40e047e/ddtrace-4.15.3-cp312-cp312-manylinux2014_x86_64.manylinux_2_17_x86_64.whl", hash = "sha256:e6887c3a0c481663c552e4fe0e9ebfdc89beab034f0881ab80dc84d0c5647923", size = 9769544, upload-time = "2026-09-30T09:07:34.744Z" },
    { url = "https://files.pythonhosted.org/packages/66/1d/4d7d5820765b44783573bc9ad234374f1a1c73606510368feca7fba85eca/ddtrace-4.15.3-cp312-cp312-musllinux_1_2_aarch64.whl", hash = "sha256:895049891f77ddf962a766ffe6a8a708324faa29da9d14f47ff668e2c2a672c1", size = 10509008, upload-time = "2026-09-30T09:07:37.423Z" },
    { url = "https://files.pythonhosted.org/packages/23/fc/d363ac7c0b5420a90f4c3dd5f3b584fbbde62fa1b4a83413845c62e2563c/ddtrace-4.15.3-cp312-cp312-musllinux_1_2_x86_64.whl", hash = "sha256:52e54aefa6c0b7338758cd151a4d4d3bf2255ba2199b1866cbfb4c4bae387385", size = 10821636, upload-time = "2026-09-30T09:07:39.905Z" },
    { url = "https://files.pythonhosted.org/packages/70/b9/1c294a84b8aa19d9c06e3765a31c70a4a31c0020fab3c458690a40e4bd9a/ddtrace-4.15.3-cp312-cp312-win32.whl", hash = "sha256:353b9a197553a8dc568439349b7044c4fc47487a31f2be18058c44ca6208ba18", size = 6753889, upload-time = "2026-09-30T09:07:42.569Z" },
    { url = "https://files.pythonhosted.org/packages/d5/19/8a7cc355bed6447e0eea24e2128b06ca4f6875349da62ba358047b2ac75a/ddtrace-4.15.3-cp312-cp312-win_amd64.whl", hash = "sha256:8e35047d38be45afc51c1b0493fe313ea435613d8ad0e489fe963191d7df64d9", size = 7373531, upload-time = "2026-09-30T09:07:44.903Z" },
    { url = "https://files.pythonhosted.org/packages/81/f5/1af6450f8538ae879bb2f096a9ceb1c981b6675cf03da957eef8e8ef58ec/ddtrace-4.15.3-cp312-cp312-win_arm64.whl", hash = "sha256:558f6ae368c8221f22dcc1dab53adaf916dd590950fd8252686054c1b9abbbe2", size = 7381125, upload-time = "2026-09-30T09:07:47.168Z" },
]

[[package]]
name = "ddtrace-internal"
version = "0.1.0"
source = { registry = "https://pypi.org/simple" }
sdist = { url = "https://files.pythonhosted.org/packages/0f/51/6dc02752dca5920d6627fb92b7e0611f594a823bbd57ed31167571d819bc/ddtrace_internal-0.1.0.tar.gz", hash = "sha256:7390721276ab5f174cb103088be7d0de22d452f2817c949e8bde1182ff5b961e", size = 2504, upload-time = "2026-07-15T18:35:10.062Z" }
wheels = [
    { url = "https://files.pythonhosted.org/packages/93/ad/3cae600fdfc41f54653c14339ac1f125381a6fc2a823d5e685b627ff152e/ddtrace_internal-0.1.0-py3-none-any.whl", hash = "sha256:8eeac4a812e003cebafc8be35ef05103ae2b132893dfbcee00a67f4af81404a2", size = 2495, upload-time = "2026-07-15T18:35:09.295Z" },
]

[[package]]
name = "envier"
version = "0.6.1"
source = { registry = "https://pypi.org/simple" }
sdist = { url = "https://files.pythonhosted.org/packages/19/e7/4fe4d3f6e21213cea9bcddc36ba60e6ae4003035f9ce8055e6a9f0322ddb/envier-0.6.1.tar.gz", hash = "sha256:3309a01bb3d8850c9e7a31a5166d5a836846db2faecb79b9cb32654dd50ca9f9", size = 10063, upload-time = "2024-10-22T09:56:47.226Z" }
wheels = [
    { url = "https://files.pythonhosted.org/packages/56/e9/30493b1cc967f7c07869de4b2ab3929151a58e6bb04495015554d24b61db/envier-0.6.1-py3-none-any.whl", hash = "sha256:73609040a76be48bbcb97074d9969666484aa0de706183a6e9ef773156a8a6a9", size = 10638, upload-time = "2024-10-22T09:56:45.968Z" },
]

[[package]]
name = "fakeredis"
version = "2.39.0"
source = { registry = "https://pypi.org/simple" }
dependencies = [
    { name = "redis" },
    { name = "sortedcontainers" },
]
sdist = { url = "https://files.pythonhosted.org/packages/2f/27/3ed3eee5e5a929345c37024b814a70f6e2452ffdab77a2680c2ebba3614a/fakeredis-2.39.0.tar.gz", hash = "sha256:e89c3410f290330042638ff5cca3e22788fa267dcaf28a64b4f483e14577208d", size = 301722, upload-time = "2026-10-01T12:35:19.404Z" }
wheels = [
    { url = "https://files.pythonhosted.org/packages/35/ca/8bf657139922808196e6480ec6ed94008897e23d603abd5b27538cfdf811/fakeredis-2.39.0-py3-none-any.whl", hash = "sha256:acd1450575259634db2942d5bae93e383aac32bb9968aab29fe7b0c2ab880bb8", size = 186508, upload-time = "2026-10-01T12:35:17.899Z" },
]

[[package]]
name = "flask"
version = "3.1.3"
source = { registry = "https://pypi.org/simple" }
dependencies = [
    { name = "blinker" },
    { name = "click" },
    { name = "itsdangerous" },
    { name = "jinja2" },
    { name = "markupsafe" },
    { name = "werkzeug" },
]
sdist = { url = "https://files.pythonhosted.org/packages/26/00/35d85dcce6c57fdc871f3867d465d780f302a175ea360f62533f12b27e2b/flask-3.1.3.tar.gz", hash = "sha256:0ef0e52b8a9cd932855379197dd8f94047b359ca0a78695144304cb45f87c9eb", size = 759004, upload-time = "2026-02-19T05:00:57.678Z" }
wheels = [
    { url = "https://files.pythonhosted.org/packages/7f/9c/34f6962f9b9e9c71f6e5ed806e0d0ff03c9d1b0b2340088a0cf4bce09b18/flask-3.1.3-py3-none-any.whl", hash = "sha256:f4bcbefc124291925f1a26446da31a5178f9483862233b23c0c96a20701f670c", size = 103424, upload-time = "2026-02-19T05:00:56.027Z" },
]

[[package]]
name = "gunicorn"
version = "26.2.0"
source = { registry = "https://pypi.org/simple" }
sdist = { url = "https://files.pythonhosted.org/packages/d9/8a/e4ef6ee11701b6cd64702848415ffb69eeff85cb388a3c6c7fe86f22f3f8/gunicorn-26.2.0.tar.gz", hash = "sha256:62b864895d9ebff0b2f9867ba04fe811c93121596540830c9c916d0769668447", size = 787921, upload-time = "2026-08-24T15:05:59.3Z" }
wheels = [
    { url = "https://files.pythonhosted.org/packages/fe/85/7522a52e5e2f42faf1a129113ab63e548c42e103e9af395b7bfe65e403e2/gunicorn-26.2.0-py3-none-any.whl", hash = "sha256:bd249d0b3f7972f7432f0a6b6ff3b3ee2d129f70cd1ff6c09a9dd9e29a2b88e3", size = 228389, upload-time = "2026-08-24T15:05:57.67Z" },
]

[[package]]
name = "idna"
version = "3.20"
source = { registry = "https://pypi.org/simple" }
sdist = { url = "https://files.pythonhosted.org/packages/f5/08/8eea9d4b8302028f3abb2c0813953f7aec26d33b7a8960ed760e65ff29fa/idna-3.20.tar.gz", hash = "sha256:a7db850025b95ded1eae8a46181a1a6c56c92c96f0e2b005d9ff8dc0210cab44", size = 216463, upload-time = "2026-09-17T14:11:04.752Z" }
wheels = [
    { url = "https://files.pythonhosted.org/packages/58/a2/bb081bab032533a855d44de1d56f8e8426114ff1ba5d1f07a438a0a654f8/idna-3.20-py3-none-any.whl", hash = "sha256:ab7ae7122974553370f0bdb919e1a960b2cd1bc1ef0276416d896db81c14582c", size = 69583, upload-time = "2026-09-17T14:11:03.168Z" },
]

[[package]]
name = "iniconfig"
version = "2.3.0"
source = { registry = "https://pypi.org/simple" }
sdist = { url = "https://files.pythonhosted.org/packages/72/34/14ca021ce8e5dfedc35312d08ba8bf51fdd999c576889fc2c24cb97f4f10/iniconfig-2.3.0.tar.gz", hash = "sha256:c76315c77db068650d49c5b56314774a7804df16fee4402c1f19d6d15d8c4730", size = 20503, upload-time = "2025-10-18T21:55:43.219Z" }
wheels = [
    { url = "https://files.pythonhosted.org/packages/cb/b1/3846dd7f199d53cb17f49cba7e651e9ce294d8497c8c150530ed11865bb8/iniconfig-2.3.0-py3-none-any.whl", hash = "sha256:f631c04d2c48c52b84d0d0549c99ff3859c98df65b3101406327ecc7d53fbf12", size = 7484, upload-time = "2025-10-18T21:55:41.639Z" },
]

[[package]]
name = "inventory-api"
version = "0.1.0"
source = { virtual = "." }
dependencies = [
    { name = "datadog" },
    { name = "ddtrace" },
    { name = "flask" },
    { name = "gunicorn" },
    { name = "redis" },
]

[package.dev-dependencies]
dev = [
    { name = "fakeredis" },
    { name = "pytest" },
]

[package.metadata]
requires-dist = [
    { name = "datadog", specifier = "==0.55.0" },
    { name = "ddtrace", specifier = "==4.15.3" },
    { name = "flask", specifier = "==3.1.3" },
    { name = "gunicorn", specifier = "==26.2.0" },
    { name = "redis", specifier = "==8.1.0" },
]

[package.metadata.requires-dev]
dev = [
    { name = "fakeredis", specifier = "==2.39.0" },
    { name = "pytest", specifier = "==9.1.1" },
]

[[package]]
name = "itsdangerous"
version = "2.2.0"
source = { registry = "https://pypi.org/simple" }
sdist = { url = "https://files.pythonhosted.org/packages/9c/cb/8ac0172223afbccb63986cc25049b154ecfb5e85932587206f42317be31d/itsdangerous-2.2.0.tar.gz", hash = "sha256:e0050c0b7da1eea53ffaf149c0cfbb5c6e2e2b69c4bef22c81fa6eb73e5f6173", size = 54410, upload-time = "2024-04-16T21:28:15.614Z" }
wheels = [
    { url = "https://files.pythonhosted.org/packages/04/96/92447566d16df59b2a776c0fb82dbc4d9e07cd95062562af01e408583fc4/itsdangerous-2.2.0-py3-none-any.whl", hash = "sha256:c6242fc49e35958c8b15141343aa660db5fc54d4f13a1db01a3f5891b98700ef", size = 16234, upload-time = "2024-04-16T21:28:14.499Z" },
]

[[package]]
name = "jinja2"
version = "3.1.6"
source = { registry = "https://pypi.org/simple" }
dependencies = [
    { name = "markupsafe" },
]
sdist = { url = "https://files.pythonhosted.org/packages/df/bf/f7da0350254c0ed7c72f3e33cef02e048281fec7ecec5f032d4aac52226b/jinja2-3.1.6.tar.gz", hash = "sha256:0137fb05990d35f1275a587e9aee6d56da821fc83491a0fb838183be43f66d6d", size = 245115, upload-time = "2025-03-05T20:05:02.478Z" }
wheels = [
    { url = "https://files.pythonhosted.org/packages/62/a1/3d680cbfd5f4b8f15abc1d571870c5fc3e594bb582bc3b64ea099db13e56/jinja2-3.1.6-py3-none-any.whl", hash = "sha256:85ece4451f492d0c13c5dd7c13a64681a86afae63a5f347908daf103ce6d2f67", size = 134899, upload-time = "2025-03-05T20:05:00.369Z" },
]

[[package]]
name = "markupsafe"
version = "3.0.4"
source = { registry = "https://pypi.org/simple" }
sdist = { url = "https://files.pythonhosted.org/packages/38/9b/e422a865e1d5d57d0e509b4e0bf1c1a70a7f6382c29a5aa428df994c8bc8/markupsafe-3.0.4.tar.gz", hash = "sha256:2e9ad7dd851bf45fab9f75cbff4cb493fee9979e8d8c7c9c3ee119022518edd6", size = 153777, upload-time = "2026-10-02T23:07:22.29Z" }
wheels = [
    { url = "https://files.pythonhosted.org/packages/81/09/4c59d56b8461ae8eb0d8ba34bb25b7e618547044679d58a82ef9b2479fc1/markupsafe-3.0.4-cp312-cp312-macosx_10_13_x86_64.whl", hash = "sha256:61631e08084be9e21a8967ec3139c7616ed7c5e9368e05c86d1b39562c8a57b6", size = 11658, upload-time = "2026-10-02T23:04:51.876Z" },
    { url = "https://files.pythonhosted.org/packages/a2/f0/d6613774d86fbf6d145751d43c59875e47a6f9f17daee0aef173bd36d90e/markupsafe-3.0.4-cp312-cp312-macosx_11_0_arm64.whl", hash = "sha256:0930db9bdc62d22944e10b066448bb65dc9abe9112880c7cab8da54db4284d5f", size = 12050, upload-time = "2026-10-02T23:04:52.931Z" },
    { url = "https://files.pythonhosted.org/packages/0d/f2/8f18e0b806eb13c1f8d07d917a720831ead54253a6dec011fbc78098a6f8/markupsafe-3.0.4-cp312-cp312-manylinux2014_aarch64.manylinux_2_17_aarch64.manylinux_2_28_aarch64.whl", hash = "sha256:6a45c3d514f2436064db00d7fc8778d888f0236ebfed649b53d13a59e69ad51b", size = 24363, upload-time = "2026-10-02T23:04:53.895Z" },
    { url = "https://files.pythonhosted.org/packages/60/ce/fa07dbe8a5675558fa36dea033e19995bc783de2dec5f540ccb9030b06aa/markupsafe-3.0.4-cp312-cp312-manylinux2014_armv7l.manylinux_2_17_armv7l.manylinux_2_31_armv7l.whl", hash = "sha256:1e1451fab512d1bcc3dc26988ec1edb0b82c2db909132872cd9356070a6b63df", size = 28525, upload-time = "2026-10-02T23:04:54.905Z" },
    { url = "https://files.pythonhosted.org/packages/85/40/be87c01f3868ec217f8a2015089d71c22c8c5a75324822e5ed1cdd87210d/markupsafe-3.0.4-cp312-cp312-manylinux2014_ppc64le.manylinux_2_17_ppc64le.manylinux_2_28_ppc64le.whl", hash = "sha256:bd3ce56ae2cbae3ba82b683bc425cd7e48d2ed8b10f3e818186b6f5646d9271c", size = 24733, upload-time = "2026-10-02T23:04:56.229Z" },
    { url = "https://files.pythonhosted.org/packages/4f/a7/aeedb5140afa41fc74c225e9184ab96723a6e873b6ee1c9fede7283456d8/markupsafe-3.0.4-cp312-cp312-manylinux2014_x86_64.manylinux_2_17_x86_64.manylinux_2_28_x86_64.whl", hash = "sha256:8e124f974786f831d6043728e38296969d3579db8896fe004682f5758e613581", size = 22985, upload-time = "2026-10-02T23:04:57.521Z" },
    { url = "https://files.pythonhosted.org/packages/c3/fc/e91352bb08c6a59da3ef0909d457bf95a5f5908fbf151b30a06d9dbcfbb4/markupsafe-3.0.4-cp312-cp312-manylinux_2_31_riscv64.manylinux_2_39_riscv64.whl", hash = "sha256:c02e8f18bdedba082cef725942ac823b9b60656db07f7e265cb31618dfd00d77", size = 22001, upload-time = "2026-10-02T23:04:58.597Z" },
    { url = "https://files.pythonhosted.org/packages/5d/f8/bffee5e7d2a3deb59748a797650a48af7e672025cf641a79344a771ad106/markupsafe-3.0.4-cp312-cp312-musllinux_1_2_aarch64.whl", hash = "sha256:9f098115c247e11d138ab83a28fa0323c77015007ea2df73ba5fd714dfefd67c", size = 23793, upload-time = "2026-10-02T23:04:59.686Z" },
    { url = "https://files.pythonhosted.org/packages/ed/59/b853d6628ecb4d658e1d637224846d5e9bb4adf4f8df97f3be9f29dce2ec/markupsafe-3.0.4-cp312-cp312-musllinux_1_2_armv7l.whl", hash = "sha256:d5f93ebbeb8032d47e349328ec8662d973d9b05a70b3c35df1f91fe419b84749", size = 22640, upload-time = "2026-10-02T23:05:00.768Z" },
    { url = "https://files.pythonhosted.org/packages/09/b2/1506df394f0f075797c418d0301498f49e43be194e3ffcb49e6fe6ccf022/markupsafe-3.0.4-cp312-cp312-musllinux_1_2_ppc64le.whl", hash = "sha256:64511c54db4e4987aef4c41923235927428729e8174c5dba488429be70a998ed", size = 24074, upload-time = "2026-10-02T23:05:01.813Z" },
    { url = "https://files.pythonhosted.org/packages/c7/81/5ed69cda630ac69ef60d06c09ba5a7f84ff66a2e28cf986fd5614ab3c6e6/markupsafe-3.0.4-cp312-cp312-musllinux_1_2_riscv64.whl", hash = "sha256:e1a622f13970d81f95d0c72f9dc090dce9085fccfa4c9f2174377ee32bd15786", size = 21563, upload-time = "2026-10-02T23:05:03.239Z" },
    { url = "https://files.pythonhosted.org/packages/0c/fe/fb1e79be0fea60aa32602ebefc9c35a82bb42b4df157285ab7dfec12341a/markupsafe-3.0.4-cp312-cp312-musllinux_1_2_x86_64.whl", hash = "sha256:c9a7f43c0b202b334cc9184af09bb8f21d3a209e038efaf106936fb69e6b026e", size = 23048, upload-time = "2026-10-02T23:05:04.479Z" },
    { url = "https://files.pythonhosted.org/packages/c8/52/7632a53360671a9b750cdbabaf9cdd89f18b42248b8e4cb42c0b0296e459/markupsafe-3.0.4-cp312-cp312-win32.whl", hash = "sha256:f0ec3b750b59375eab5b0fb2b9254810c00a3375be6d789899f1055a1d556237", size = 14108, upload-time = "2026-10-02T23:05:05.513Z" },
    { url = "https://files.pythonhosted.org/packages/3f/bf/62495e180b7000aaf30000fff849e933f74264638057176cf46852500adc/markupsafe-3.0.4-cp312-cp312-win_amd64.whl", hash = "sha256:11935df9bf455ed0c04eb87bcd720f02b1fe5e02128a9430f23aed6f93336fc7", size = 14303, upload-time = "2026-10-02T23:05:06.538Z" },
    { url = "https://files.pythonhosted.org/packages/c5/8e/4c24208776a65878d656996945aacfbfe010d3720d1a98fc0eb8491fc03b/markupsafe-3.0.4-cp312-cp312-win_arm64.whl", hash = "sha256:a4bbd2d87dd233b9fc5812160c3d0ffbe42edc22a26ce0469f58479ede633fe9", size = 14174, upload-time = "2026-10-02T23:05:07.617Z" },
]

[[package]]
name = "opentelemetry-api"
version = "1.45.0"
source = { registry = "https://pypi.org/simple" }
dependencies = [
    { name = "typing-extensions" },
]
sdist = { url = "https://files.pythonhosted.org/packages/1f/dc/e12c1fe1ed8a7b7149777127b1a0e12ce5bd5a81d97408bedc2128c260f5/opentelemetry_api-1.45.0.tar.gz", hash = "sha256:711ede81773c8025c2c03dac0450bc89f3d30aea6eabcc815c570d4e35a963f7", size = 72115, upload-time = "2026-09-25T12:32:28.399Z" }
wheels = [
    { url = "https://files.pythonhosted.org/packages/44/b9/040d1a1c7836922828e6480cd2366bb8fe0ebf75b413d2bb51a9b0e7f78f/opentelemetry_api-1.45.0-py3-none-any.whl", hash = "sha256:80e068aba7cd56c8b58512d6a36f8d25cb1dfaa0c0a4cc1c938ccf9f362d9cb3", size = 60020, upload-time = "2026-09-25T12:32:03.192Z" },
]

[[package]]
name = "packaging"
version = "26.3"
source = { registry = "https://pypi.org/simple" }
sdist = { url = "https://files.pythonhosted.org/packages/7d/fa/3944b40b07da9ce895c0e6303a5ab7d53da063554f534556b134a54d6093/packaging-26.3.tar.gz", hash = "sha256:94edc256424af38762eb31306eed28beb9f0efc50a8837492c9d6fd6004aed79", size = 313412, upload-time = "2026-08-04T18:15:28.737Z" }
wheels = [
    { url = "https://files.pythonhosted.org/packages/63/34/ba1c580383c9eada3711951fef0795c80b829a078d72188184bcab9dd527/packaging-26.3-py3-none-any.whl", hash = "sha256:d7193f7c8e4e93f444fde0262bf90af30e16fa0ad0ad44cb553c87339b23cd1c", size = 129956, upload-time = "2026-08-04T18:15:27.159Z" },
]

[[package]]
name = "pluggy"
version = "1.6.0"
source = { registry = "https://pypi.org/simple" }
sdist = { url = "https://files.pythonhosted.org/packages/f9/e2/3e91f31a7d2b083fe6ef3fa267035b518369d9511ffab804f839851d2779/pluggy-1.6.0.tar.gz", hash = "sha256:7dcc130b76258d33b90f61b658791dede3486c3e6bfb003ee5c9bfb396dd22f3", size = 69412, upload-time = "2025-05-15T12:30:07.975Z" }
wheels = [
    { url = "https://files.pythonhosted.org/packages/54/20/4d324d65cc6d9205fabedc306948156824eb9f0ee1633355a8f7ec5c66bf/pluggy-1.6.0-py3-none-any.whl", hash = "sha256:e920276dd6813095e9377c0bc5566d94c932c33b27a3e3945d8389c374dd4746", size = 20538, upload-time = "2025-05-15T12:30:06.134Z" },
]

[[package]]
name = "pygments"
version = "2.21.0"
source = { registry = "https://pypi.org/simple" }
sdist = { url = "https://files.pythonhosted.org/packages/49/2e/ced460408999b33da6b31b0021b0f37d329e202d4169aeb164493778f25b/pygments-2.21.0.tar.gz", hash = "sha256:610ca751c9bc2492b38eb9a38a7fbc93edbbb2d7182edaf34e66ae493dee5c8c", size = 5005329, upload-time = "2026-08-17T08:02:48.824Z" }
wheels = [
    { url = "https://files.pythonhosted.org/packages/71/46/17f022dd3e953bf20a04a028a21ec746d942f8d2af30fa0f124fa0e6a684/pygments-2.21.0-py3-none-any.whl", hash = "sha256:2363c69b61c4a97c838da3b130dcd6468f4848992b21a82f2a63ec34377137d9", size = 1250147, upload-time = "2026-08-17T08:02:44.912Z" },
]

[[package]]
name = "pytest"
version = "9.1.1"
source = { registry = "https://pypi.org/simple" }
dependencies = [
    { name = "colorama", marker = "sys_platform == 'win32'" },
    { name = "iniconfig" },
    { name = "packaging" },
    { name = "pluggy" },
    { name = "pygments" },
]
sdist = { url = "https://files.pythonhosted.org/packages/e4/47/b9efed96c114afcfa3c9d3fe98a76a1d14c74a9e266d397cf6eb64be5e01/pytest-9.1.1.tar.gz", hash = "sha256:1088fbde8f2b49d95a549a195707afa7a76a3ce9bcadc26b6d71f0ffda5fe313", size = 1636369, upload-time = "2026-06-19T10:58:32.857Z" }
wheels = [
    { url = "https://files.pythonhosted.org/packages/24/25/1de2678b631f5a49215c6c96fff41ba892b0a34df68d6d80292b1b48aa7f/pytest-9.1.1-py3-none-any.whl", hash = "sha256:37a86b45efb9a47a61a36449063e8e18d0cab3161329fc099eb21783169c4f0c", size = 386536, upload-time = "2026-06-19T10:58:31.347Z" },
]

[[package]]
name = "redis"
version = "8.1.0"
source = { registry = "https://pypi.org/simple" }
sdist = { url = "https://files.pythonhosted.org/packages/a8/99/604f0b666d4c616d891cf77ebb9db6bb21601344c051aebf1b72b9ff915f/redis-8.1.0.tar.gz", hash = "sha256:6e1a19beef9225c83efd689c7e6b7da2d5215b1f42cd13b7fc3714d0a09c7b25", size = 5254356, upload-time = "2026-07-30T08:51:00.269Z" }
wheels = [
    { url = "https://files.pythonhosted.org/packages/66/9d/c5731f6e3608663d4d3656fd8d3aecee8b509c3082818f5a13eae925baea/redis-8.1.0-py3-none-any.whl", hash = "sha256:a4fe1aac3d3b3cc791d4b3d5931c5a956045dc951ee74d1c913ee3ac4d2ee9fb", size = 560618, upload-time = "2026-07-30T08:50:58.497Z" },
]

[[package]]
name = "requests"
version = "2.34.2"
source = { registry = "https://pypi.org/simple" }
dependencies = [
    { name = "certifi" },
    { name = "charset-normalizer" },
    { name = "idna" },
    { name = "urllib3" },
]
sdist = { url = "https://files.pythonhosted.org/packages/ac/c3/e2a2b89f2d3e2179abd6d00ebd70bff6273f37fb3e0cc209f48b39d00cbf/requests-2.34.2.tar.gz", hash = "sha256:f288924cae4e29463698d6d60bc6a4da69c89185ad1e0bcc4104f584e960b9ed", size = 142856, upload-time = "2026-05-14T19:25:27.735Z" }
wheels = [
    { url = "https://files.pythonhosted.org/packages/a0/f4/c67b0b3f1b9245e8d266f0f112c500d50e5b4e83cb6f3b71b6528104182a/requests-2.34.2-py3-none-any.whl", hash = "sha256:2a0d60c172f83ac6ab31e4554906c0f3b3588d37b5cb939b1c061f4907e278e0", size = 73075, upload-time = "2026-05-14T19:25:26.443Z" },
]

[[package]]
name = "sortedcontainers"
version = "2.4.0"
source = { registry = "https://pypi.org/simple" }
sdist = { url = "https://files.pythonhosted.org/packages/e8/c4/ba2f8066cceb6f23394729afe52f3bf7adec04bf9ed2c820b39e19299111/sortedcontainers-2.4.0.tar.gz", hash = "sha256:25caa5a06cc30b6b83d11423433f65d1f9d76c4c6a0c90e3379eaa43b9bfdb88", size = 30594, upload-time = "2021-05-16T22:03:42.897Z" }
wheels = [
    { url = "https://files.pythonhosted.org/packages/32/46/9cb0e58b2deb7f82b84065f37f3bffeb12413f947f9388e4cac22c4621ce/sortedcontainers-2.4.0-py2.py3-none-any.whl", hash = "sha256:a163dcaede0f1c021485e957a39245190e74249897e2ae4b2aa38595db237ee0", size = 29575, upload-time = "2021-05-16T22:03:41.177Z" },
]

[[package]]
name = "typing-extensions"
version = "4.16.0"
source = { registry = "https://pypi.org/simple" }
sdist = { url = "https://files.pythonhosted.org/packages/f6/cc/6253133b5bb138fc3306cebfbda2c520f545d36b5be2c7255cc528bb45d6/typing_extensions-4.16.0.tar.gz", hash = "sha256:dc983d19a509c94dba722ee6abd33940f7c05a89e243c47e907eb4db6f1a43e5", size = 113555, upload-time = "2026-07-02T08:40:05.92Z" }
wheels = [
    { url = "https://files.pythonhosted.org/packages/49/d3/b8441a820a491ddfc024b0b0cf0393375b75ea13866d9c66727e54c2fc80/typing_extensions-4.16.0-py3-none-any.whl", hash = "sha256:481caa481374e813c1b176ada14e97f1f67a4539ce9cfeb3f350d78d6370c2e8", size = 45571, upload-time = "2026-07-02T08:40:04.659Z" },
]

[[package]]
name = "urllib3"
version = "2.8.0"
source = { registry = "https://pypi.org/simple" }
sdist = { url = "https://files.pythonhosted.org/packages/e3/05/b17359e1cefb4f909b5e40b1b90a496d987258916dbbf88e842c729f510e/urllib3-2.8.0.tar.gz", hash = "sha256:63bf2ead4c879426ebf22ef2a781eeb4aa3b4ae798a0435506f8687fd5bb9b63", size = 458972, upload-time = "2026-09-15T19:29:36.253Z" }
wheels = [
    { url = "https://files.pythonhosted.org/packages/92/9d/c4e665119135114480843e7ab388fa94d8480650450e6f8e26b70d323a4c/urllib3-2.8.0-py3-none-any.whl", hash = "sha256:0cf3cae568d36aa9576b28dfb35f11328f1cb974ca7647d9475ebb86c75ac6e3", size = 135717, upload-time = "2026-09-15T19:29:34.577Z" },
]

[[package]]
name = "werkzeug"
version = "3.1.9"
source = { registry = "https://pypi.org/simple" }
dependencies = [
    { name = "markupsafe" },
]
sdist = { url = "https://files.pythonhosted.org/packages/a4/34/4dd12fc8bb7d61c91467ec3efe415ffa7d5456f799954b40c5bbaeae470e/werkzeug-3.1.9.tar.gz", hash = "sha256:55ca7c70a75689be937aa27f8ff4b018f06ff4838fc73045560bf0f5a1291060", size = 940188, upload-time = "2026-09-27T18:33:41.637Z" }
wheels = [
    { url = "https://files.pythonhosted.org/packages/a1/38/df03f564f43cec2684823f3cccae1a652ee7face1cbaa76fb223096e64d7/werkzeug-3.1.9-py3-none-any.whl", hash = "sha256:6392e50c78460ba618e5b21f08a71f59c99ce99cdc6cf6e3dd7e6ccca8754fab", size = 228700, upload-time = "2026-09-27T18:33:39.685Z" },
]

[[package]]
name = "wrapt"
version = "2.5.0"
source = { registry = "https://pypi.org/simple" }
sdist = { url = "https://files.pythonhosted.org/packages/3e/d2/a254a26d8ceaea87e0eee2e89fcfe53ddc1858418647493bb2937549ab6f/wrapt-2.5.0.tar.gz", hash = "sha256:c48cdb6c904dca76d9915a579e4a5fab6b0c25f650c1019ce78a78effaf7a345", size = 183288, upload-time = "2026-09-27T01:41:56.874Z" }
wheels = [
    { url = "https://files.pythonhosted.org/packages/2a/a6/44589f9b34160280a1fbccbcf206b18df034a1b3e9584336d3a7f039a33c/wrapt-2.5.0-cp312-cp312-macosx_10_13_x86_64.whl", hash = "sha256:b898caea081303006decc562c7fca5126f7c96507e78dd8f1ae3285dfa50ddc7", size = 106192, upload-time = "2026-09-27T01:40:00.941Z" },
    { url = "https://files.pythonhosted.org/packages/ce/2b/94db3ba2e9528400e4173cbb67a56822a4644d4c2b319feb0cc638094b36/wrapt-2.5.0-cp312-cp312-macosx_11_0_arm64.whl", hash = "sha256:8837fbe708cb9d8a2d32a37dee836d24a531f02560db26418e2b181986fa21cb", size = 105828, upload-time = "2026-09-27T01:40:02.494Z" },
    { url = "https://files.pythonhosted.org/packages/11/0e/3ce67af67525c0068680637c0eba823ce2f0fc6eff2d1779cab656fb8c3d/wrapt-2.5.0-cp312-cp312-manylinux1_x86_64.manylinux_2_28_x86_64.manylinux_2_5_x86_64.whl", hash = "sha256:0cabb9c17ab79b2549d1f23b36f436473ad9253ef53995a817feba26fae69d5b", size = 250177, upload-time = "2026-09-27T01:40:03.819Z" },
    { url = "https://files.pythonhosted.org/packages/d3/3b/262b2c3c38aca6fa32cfea6407dbb346ce26ff788179b98137b3b3f3d8ca/wrapt-2.5.0-cp312-cp312-manylinux2014_aarch64.manylinux_2_17_aarch64.manylinux_2_28_aarch64.whl", hash = "sha256:6761765cc520ff9616fb035c02a85d1d744f7f70edd4649718fd0d09c589eacf", size = 250332, upload-time = "2026-09-27T01:40:05.15Z" },
    { url = "https://files.pythonhosted.org/packages/2e/ec/d54d273a2223d1964ecd5b5954aca18e8fbf2c5d8471e60ef3cbaaed9325/wrapt-2.5.0-cp312-cp312-manylinux_2_31_riscv64.manylinux_2_39_riscv64.whl", hash = "sha256:a145a7826eddea3eb5814903f98f93756042b919bb5305544cb1331daa2705b1", size = 229600, upload-time = "2026-09-27T01:40:06.47Z" },
    { url = "https://files.pythonhosted.org/packages/8e/88/33c75ac47b13b0bf77b44d96d02b1d0a2e6db66180909bacce86ef8fcd8e/wrapt-2.5.0-cp312-cp312-musllinux_1_2_aarch64.whl", hash = "sha256:6a9ee62a970075738909909bdbef3a7da9f7ae03dfca584db283547a29503b56", size = 246890, upload-time = "2026-09-27T01:40:07.838Z" },
    { url = "https://files.pythonhosted.org/packages/d2/0e/c3a3a158801e5bee7a0d9aa3561a127bd80f166b02b7b520a39e45d8f9b9/wrapt-2.5.0-cp312-cp312-musllinux_1_2_riscv64.whl", hash = "sha256:691671ea05684f921ffc2e935fd3f9311c1795a10fbbfa006b46269733668f66", size = 226463, upload-time = "2026-09-27T01:40:09.206Z" },
    { url = "https://files.pythonhosted.org/packages/7c/2c/4c48ba51698a87e2e8299fc04856bbef391cb725f195bc93f0bc6196e1f2/wrapt-2.5.0-cp312-cp312-musllinux_1_2_x86_64.whl", hash = "sha256:e716f47c7f61e11709d3c0904213c94fc22999abf0c41461276cef886c1e8b4d", size = 238583, upload-time = "2026-09-27T01:40:10.631Z" },
    { url = "https://files.pythonhosted.org/packages/33/d2/077835618ed96b131730f74301a7236efd841ec2f341afe36303389b56ef/wrapt-2.5.0-cp312-cp312-win32.whl", hash = "sha256:5421acb5c363a9bc959122a8645e3f1f42010c932dc53885b11a5ff5b5a6d730", size = 100221, upload-time = "2026-09-27T01:40:11.91Z" },
    { url = "https://files.pythonhosted.org/packages/96/9f/9e56db2a3492275be809082c6f63a7a063f52b3e1812aae1eb03ec33f64c/wrapt-2.5.0-cp312-cp312-win_amd64.whl", hash = "sha256:ab45839c912777e2738fed369636589c8b2a6d9c44ca56de0fd0814581d467c2", size = 105786, upload-time = "2026-09-27T01:40:13.208Z" },
    { url = "https://files.pythonhosted.org/packages/0c/e4/e37ff75e5254564aa50e13bc4313383d02d5ec78f5bd3b9b1994dd7052d5/wrapt-2.5.0-cp312-cp312-win_arm64.whl", hash = "sha256:ce4cab32c37ef71e69cf88f909b7febd0dd79543e5ae3650e2b874e0f3d3b975", size = 102937, upload-time = "2026-09-27T01:40:14.534Z" },
    { url = "https://files.pythonhosted.org/packages/87/7d/5ed859fad4b5eddd598a846150aaab2703730ed4886c5c5e03b0df0cfdd5/wrapt-2.5.0-py3-none-any.whl", hash = "sha256:107eea1a511e98a3a5033b0c2cb403fbb37f05dee6ac1fb85c0460d311ec278c", size = 81586, upload-time = "2026-09-27T01:41:55.479Z" },
]
